// !$*UTF8*$!
{
	archiveVersion = 1;
	classes = {
	};
	objectVersion = 56;
	objects = {

/* Begin PBXBuildFile section */
		DDE8406E2CFE533F004D0AA2 /* AppDelegate.swift in Sources */ = {isa = PBXBuildFile; fileRef = DDE8406D2CFE533F004D0AA2 /* AppDelegate.swift */; };
		DDFA8D642CBB2CE90082DEFC /* Trade_aiApp.swift in Sources */ = {isa = PBXBuildFile; fileRef = DDFA8D632CBB2CE90082DEFC /* Trade_aiApp.swift */; };
		DDFA8D662CBB2CE90082DEFC /* ContentView.swift in Sources */ = {isa = PBXBuildFile; fileRef = DDFA8D652CBB2CE90082DEFC /* ContentView.swift */; };
		DDFA8D682CBB2CEA0082DEFC /* Assets.xcassets in Resources */ = {isa = PBXBuildFile; fileRef = DDFA8D672CBB2CEA0082DEFC /* Assets.xcassets */; };
		DDFA8D6B2CBB2CEA0082DEFC /* Preview Assets.xcassets in Resources */ = {isa = PBXBuildFile; fileRef = DDFA8D6A2CBB2CEA0082DEFC /* Preview Assets.xcassets */; };
		DDFA8D752CBB2CEA0082DEFC /* Trade_aiTests.swift in Sources */ = {isa = PBXBuildFile; fileRef = DDFA8D742CBB2CEA0082DEFC /* Trade_aiTests.swift */; };
		DDFA8D7F2CBB2CEA0082DEFC /* Trade_aiUITests.swift in Sources */ = {isa = PBXBuildFile; fileRef = DDFA8D7E2CBB2CEA0082DEFC /* Trade_aiUITests.swift */; };
		DDFA8D812CBB2CEA0082DEFC /* Trade_aiUITestsLaunchTests.swift in Sources */ = {isa = PBXBuildFile; fileRef = DDFA8D802CBB2CEA0082DEFC /* Trade_aiUITestsLaunchTests.swift */; };
		DDFA8D8E2CBB35050082DEFC /* Tick.swift in Sources */ = {isa = PBXBuildFile; fileRef = DDFA8D8D2CBB35050082DEFC /* Tick.swift */; };
		DDFA8D902CBB35270082DEFC /* WatchCardView.swift in Sources */ = {isa = PBXBuildFile; fileRef = DDFA8D8F2CBB35270082DEFC /* WatchCardView.swift */; };
/* End PBXBuildFile section */

/* Begin PBXContainerItemProxy section */
		DDFA8D712CBB2CEA0082DEFC /* PBXContainerItemProxy */ = {
			isa = PBXContainerItemProxy;
			containerPortal = DDFA8D582CBB2CE90082DEFC /* Project object */;
			proxyType = 1;
			remoteGlobalIDString = DDFA8D5F2CBB2CE90082DEFC;
			remoteInfo = Trade.ai;
		};
		DDFA8D7B2CBB2CEA0082DEFC /* PBXContainerItemProxy */ = {
			isa = PBXContainerItemProxy;
			containerPortal = DDFA8D582CBB2CE90082DEFC /* Project object */;
			proxyType = 1;
			remoteGlobalIDString = DDFA8D5F2CBB2CE90082DEFC;
			remoteInfo = Trade.ai;
		};
/* End PBXContainerItemProxy section */

/* Begin PBXFileReference section */
		DDA5B7F72CF901E7006308EB /* Info.plist */ = {isa = PBXFileReference; lastKnownFileType = text.plist.xml; path = Info.plist; sourceTree = "<group>"; };
		DDE8406C2CFE3118004D0AA2 /* Trade.ai.entitlements */ = {isa = PBXFileReference; lastKnownFileType = text.plist.entitlements; path = Trade.ai.entitlements; sourceTree = "<group>"; };
		DDE8406D2CFE533F004D0AA2 /* AppDelegate.swift */ = {isa = PBXFileReference; lastKnownFileType = sourcecode.swift; path = AppDelegate.swift; sourceTree = "<group>"; };
		DDFA8D602CBB2CE90082DEFC /* Trade.ai.app */ = {isa = PBXFileReference; explicitFileType = wrapper.application; includeInIndex = 0; path = Trade.ai.app; sourceTree = BUILT_PRODUCTS_DIR; };
		DDFA8D632CBB2CE90082DEFC /* Trade_aiApp.swift */ = {isa = PBXFileReference; lastKnownFileType = sourcecode.swift; path = Trade_aiApp.swift; sourceTree = "<group>"; };
		DDFA8D652CBB2CE90082DEFC /* ContentView.swift */ = {isa = PBXFileReference; lastKnownFileType = sourcecode.swift; path = ContentView.swift; sourceTree = "<group>"; };
		DDFA8D672CBB2CEA0082DEFC /* Assets.xcassets */ = {isa = PBXFileReference; lastKnownFileType = folder.assetcatalog; path = Assets.xcassets; sourceTree = "<group>"; };
		DDFA8D6A2CBB2CEA0082DEFC /* Preview Assets.xcassets */ = {isa = PBXFileReference; lastKnownFileType = folder.assetcatalog; path = "Preview Assets.xcassets"; sourceTree = "<group>"; };
		DDFA8D702CBB2CEA0082DEFC /* Trade.aiTests.xctest */ = {isa = PBXFileReference; explicitFileType = wrapper.cfbundle; includeInIndex = 0; path = Trade.aiTests.xctest; sourceTree = BUILT_PRODUCTS_DIR; };
		DDFA8D742CBB2CEA0082DEFC /* Trade_aiTests.swift */ = {isa = PBXFileReference; lastKnownFileType = sourcecode.swift; path = Trade_aiTests.swift; sourceTree = "<group>"; };
		DDFA8D7A2CBB2CEA0082DEFC /* Trade.aiUITests.xctest */ = {isa = PBXFileReference; explicitFileType = wrapper.cfbundle; includeInIndex = 0; path = Trade.aiUITests.xctest; sourceTree = BUILT_PRODUCTS_DIR; };
		DDFA8D7E2CBB2CEA0082DEFC /* Trade_aiUITests.swift */ = {isa = PBXFileReference; lastKnownFileType = sourcecode.swift; path = Trade_aiUITests.swift; sourceTree = "<group>"; };
		DDFA8D802CBB2CEA0082DEFC /* Trade_aiUITestsLaunchTests.swift */ = {isa = PBXFileReference; lastKnownFileType = sourcecode.swift; path = Trade_aiUITestsLaunchTests.swift; sourceTree = "<group>"; };
		DDFA8D8D2CBB35050082DEFC /* Tick.swift */ = {isa = PBXFileReference; fileEncoding = 4; lastKnownFileType = sourcecode.swift; name = Tick.swift; path = Models/Tick.swift; sourceTree = "<group>"; };
		DDFA8D8F2CBB35270082DEFC /* WatchCardView.swift */ = {isa = PBXFileReference; fileEncoding = 4; lastKnownFileType = sourcecode.swift; name = WatchCardView.swift; path = Views/WatchCardView.swift; sourceTree = "<group>"; };
/* End PBXFileReference section */

/* Begin PBXFrameworksBuildPhase section */
		DDFA8D5D2CBB2CE90082DEFC /* Frameworks */ = {
			isa = PBXFrameworksBuildPhase;
			buildActionMask = 2147483647;
			files = (
			);
			runOnlyForDeploymentPostprocessing = 0;
		};
		DDFA8D6D2CBB2CEA0082DEFC /* Frameworks */ = {
			isa = PBXFrameworksBuildPhase;
			buildActionMask = 2147483647;
			files = (
			);
			runOnlyForDeploymentPostprocessing = 0;
		};
		DDFA8D772CBB2CEA0082DEFC /* Frameworks */ = {
			isa = PBXFrameworksBuildPhase;
			buildActionMask = 2147483647;
			files = (
			);
			runOnlyForDeploymentPostprocessing = 0;
		};
/* End PBXFrameworksBuildPhase section */

/* Begin PBXGroup section */
		DDFA8D572CBB2CE90082DEFC = {
			isa = PBXGroup;
			children = (
				DDFA8D622CBB2CE90082DEFC /* Trade.ai */,
				DDFA8D732CBB2CEA0082DEFC /* Trade.aiTests */,
				DDFA8D7D2CBB2CEA0082DEFC /* Trade.aiUITests */,
				DDFA8D612CBB2CE90082DEFC /* Products */,
			);
			sourceTree = "<group>";
		};
		DDFA8D612CBB2CE90082DEFC /* Products */ = {
			isa = PBXGroup;
			children = (
				DDFA8D602CBB2CE90082DEFC /* Trade.ai.app */,
				DDFA8D702CBB2CEA0082DEFC /* Trade.aiTests.xctest */,
				DDFA8D7A2CBB2CEA0082DEFC /* Trade.aiUITests.xctest */,
			);
			name = Products;
			sourceTree = "<group>";
		};
		DDFA8D622CBB2CE90082DEFC /* Trade.ai */ = {
			isa = PBXGroup;
			children = (
				DDE8406C2CFE3118004D0AA2 /* Trade.ai.entitlements */,
				DDFA8D632CBB2CE90082DEFC /* Trade_aiApp.swift */,
				DDFA8D652CBB2CE90082DEFC /* ContentView.swift */,
				DDFA8D8F2CBB35270082DEFC /* WatchCardView.swift */,
				DDFA8D8D2CBB35050082DEFC /* Tick.swift */,
				DDFA8D672CBB2CEA0082DEFC /* Assets.xcassets */,
				DDFA8D692CBB2CEA0082DEFC /* Preview Content */,
				DDA5B7F72CF901E7006308EB /* Info.plist */,
				DDE8406D2CFE533F004D0AA2 /* AppDelegate.swift */,
			);
			path = Trade.ai;
			sourceTree = "<group>";
		};
		DDFA8D692CBB2CEA0082DEFC /* Preview Content */ = {
			isa = PBXGroup;
			children = (
				DDFA8D6A2CBB2CEA0082DEFC /* Preview Assets.xcassets */,
			);
			path = "Preview Content";
			sourceTree = "<group>";
		};
		DDFA8D732CBB2CEA0082DEFC /* Trade.aiTests */ = {
			isa = PBXGroup;
			children = (
				DDFA8D742CBB2CEA0082DEFC /* Trade_aiTests.swift */,
			);
			path = Trade.aiTests;
			sourceTree = "<group>";
		};
		DDFA8D7D2CBB2CEA0082DEFC /* Trade.aiUITests */ = {
			isa = PBXGroup;
			children = (
				DDFA8D7E2CBB2CEA0082DEFC /* Trade_aiUITests.swift */,
				DDFA8D802CBB2CEA0082DEFC /* Trade_aiUITestsLaunchTests.swift */,
			);
			path = Trade.aiUITests;
			sourceTree = "<group>";
		};
/* End PBXGroup section */

/* Begin PBXNativeTarget section */
		DDFA8D5F2CBB2CE90082DEFC /* Trade.ai */ = {
			isa = PBXNativeTarget;
			buildConfigurationList = DDFA8D842CBB2CEA0082DEFC /* Build configuration list for PBXNativeTarget "Trade.ai" */;
			buildPhases = (
				DDFA8D5C2CBB2CE90082DEFC /* Sources */,
				DDFA8D5D2CBB2CE90082DEFC /* Frameworks */,
				DDFA8D5E2CBB2CE90082DEFC /* Resources */,
			);
			buildRules = (
			);
			dependencies = (
			);
			name = Trade.ai;
			productName = Trade.ai;
			productReference = DDFA8D602CBB2CE90082DEFC /* Trade.ai.app */;
			productType = "com.apple.product-type.application";
		};
		DDFA8D6F2CBB2CEA0082DEFC /* Trade.aiTests */ = {
			isa = PBXNativeTarget;
			buildConfigurationList = DDFA8D872CBB2CEA0082DEFC /* Build configuration list for PBXNativeTarget "Trade.aiTests" */;
			buildPhases = (
				DDFA8D6C2CBB2CEA0082DEFC /* Sources */,
				DDFA8D6D2CBB2CEA0082DEFC /* Frameworks */,
				DDFA8D6E2CBB2CEA0082DEFC /* Resources */,
			);
			buildRules = (
			);
			dependencies = (
				DDFA8D722CBB2CEA0082DEFC /* PBXTargetDependency */,
			);
			name = Trade.aiTests;
			productName = Trade.aiTests;
			productReference = DDFA8D702CBB2CEA0082DEFC /* Trade.aiTests.xctest */;
			productType = "com.apple.product-type.bundle.unit-test";
		};
		DDFA8D792CBB2CEA0082DEFC /* Trade.aiUITests */ = {
			isa = PBXNativeTarget;
			buildConfigurationList = DDFA8D8A2CBB2CEA0082DEFC /* Build configuration list for PBXNativeTarget "Trade.aiUITests" */;
			buildPhases = (
				DDFA8D762CBB2CEA0082DEFC /* Sources */,
				DDFA8D772CBB2CEA0082DEFC /* Frameworks */,
				DDFA8D782CBB2CEA0082DEFC /* Resources */,
			);
			buildRules = (
			);
			dependencies = (
				DDFA8D7C2CBB2CEA0082DEFC /* PBXTargetDependency */,
			);
			name = Trade.aiUITests;
			productName = Trade.aiUITests;
			productReference = DDFA8D7A2CBB2CEA0082DEFC /* Trade.aiUITests.xctest */;
			productType = "com.apple.product-type.bundle.ui-testing";
		};
/* End PBXNativeTarget section */

/* Begin PBXProject section */
		DDFA8D582CBB2CE90082DEFC /* Project object */ = {
			isa = PBXProject;
			attributes = {
				BuildIndependentTargetsInParallel = 1;
				LastSwiftUpdateCheck = 1540;
				LastUpgradeCheck = 1540;
				TargetAttributes = {
					DDFA8D5F2CBB2CE90082DEFC = {
						CreatedOnToolsVersion = 15.4;
					};
					DDFA8D6F2CBB2CEA0082DEFC = {
						CreatedOnToolsVersion = 15.4;
						TestTargetID = DDFA8D5F2CBB2CE90082DEFC;
					};
					DDFA8D792CBB2CEA0082DEFC = {
						CreatedOnToolsVersion = 15.4;
						TestTargetID = DDFA8D5F2CBB2CE90082DEFC;
					};
				};
			};
			buildConfigurationList = DDFA8D5B2CBB2CE90082DEFC /* Build configuration list for PBXProject "Trade.ai" */;
			compatibilityVersion = "Xcode 14.0";
			developmentRegion = en;
			hasScannedForEncodings = 0;
			knownRegions = (
				en,
				Base,
			);
			mainGroup = DDFA8D572CBB2CE90082DEFC;
			productRefGroup = DDFA8D612CBB2CE90082DEFC /* Products */;
			projectDirPath = "";
			projectRoot = "";
			targets = (
				DDFA8D5F2CBB2CE90082DEFC /* Trade.ai */,
				DDFA8D6F2CBB2CEA0082DEFC /* Trade.aiTests */,
				DDFA8D792CBB2CEA0082DEFC /* Trade.aiUITests */,
			);
		};
/* End PBXProject section */

/* Begin PBXResourcesBuildPhase section */
		DDFA8D5E2CBB2CE90082DEFC /* Resources */ = {
			isa = PBXResourcesBuildPhase;
			buildActionMask = 2147483647;
			files = (
				DDFA8D6B2CBB2CEA0082DEFC /* Preview Assets.xcassets in Resources */,
				DDFA8D682CBB2CEA0082DEFC /* Assets.xcassets in Resources */,
			);
			runOnlyForDeploymentPostprocessing = 0;
		};
		DDFA8D6E2CBB2CEA0082DEFC /* Resources */ = {
			isa = PBXResourcesBuildPhase;
			buildActionMask = 2147483647;
			files = (
			);
			runOnlyForDeploymentPostprocessing = 0;
		};
		DDFA8D782CBB2CEA0082DEFC /* Resources */ = {
			isa = PBXResourcesBuildPhase;
			buildActionMask = 2147483647;
			files = (
			);
			runOnlyForDeploymentPostprocessing = 0;
		};
/* End PBXResourcesBuildPhase section */

/* Begin PBXSourcesBuildPhase section */
		DDFA8D5C2CBB2CE90082DEFC /* Sources */ = {
			isa = PBXSourcesBuildPhase;
			buildActionMask = 2147483647;
			files = (
				DDFA8D8E2CBB35050082DEFC /* Tick.swift in Sources */,
				DDFA8D662CBB2CE90082DEFC /* ContentView.swift in Sources */,
				DDFA8D902CBB35270082DEFC /* WatchCardView.swift in Sources */,
				DDE8406E2CFE533F004D0AA2 /* AppDelegate.swift in Sources */,
				DDFA8D642CBB2CE90082DEFC /* Trade_aiApp.swift in Sources */,
			);
			runOnlyForDeploymentPostprocessing = 0;
		};
		DDFA8D6C2CBB2CEA0082DEFC /* Sources */ = {
			isa = PBXSourcesBuildPhase;
			buildActionMask = 2147483647;
			files = (
				DDFA8D752CBB2CEA0082DEFC /* Trade_aiTests.swift in Sources */,
			);
			runOnlyForDeploymentPostprocessing = 0;
		};
		DDFA8D762CBB2CEA0082DEFC /* Sources */ = {
			isa = PBXSourcesBuildPhase;
			buildActionMask = 2147483647;
			files = (
				DDFA8D812CBB2CEA0082DEFC /* Trade_aiUITestsLaunchTests.swift in Sources */,
				DDFA8D7F2CBB2CEA0082DEFC /* Trade_aiUITests.swift in Sources */,
			);
			runOnlyForDeploymentPostprocessing = 0;
		};
/* End PBXSourcesBuildPhase section */

/* Begin PBXTargetDependency section */
		DDFA8D722CBB2CEA0082DEFC /* PBXTargetDependency */ = {
			isa = PBXTargetDependency;
			target = DDFA8D5F2CBB2CE90082DEFC /* Trade.ai */;
			targetProxy = DDFA8D712CBB2CEA0082DEFC /* PBXContainerItemProxy */;
		};
		DDFA8D7C2CBB2CEA0082DEFC /* PBXTargetDependency */ = {
			isa = PBXTargetDependency;
			target = DDFA8D5F2CBB2CE90082DEFC /* Trade.ai */;
			targetProxy = DDFA8D7B2CBB2CEA0082DEFC /* PBXContainerItemProxy */;
		};
/* End PBXTargetDependency section */

/* Begin XCBuildConfiguration section */
		DDFA8D822CBB2CEA0082DEFC /* Debug */ = {
			isa = XCBuildConfiguration;
			buildSettings = {
				ALWAYS_SEARCH_USER_PATHS = NO;
				ASSETCATALOG_COMPILER_GENERATE_SWIFT_ASSET_SYMBOL_EXTENSIONS = YES;
				CLANG_ANALYZER_NONNULL = YES;
				CLANG_ANALYZER_NUMBER_OBJECT_CONVERSION = YES_AGGRESSIVE;
				CLANG_CXX_LANGUAGE_STANDARD = "gnu++20";
				CLANG_ENABLE_MODULES = YES;
				CLANG_ENABLE_OBJC_ARC = YES;
				CLANG_ENABLE_OBJC_WEAK = YES;
				CLANG_WARN_BLOCK_CAPTURE_AUTORELEASING = YES;
				CLANG_WARN_BOOL_CONVERSION = YES;
				CLANG_WARN_COMMA = YES;
				CLANG_WARN_CONSTANT_CONVERSION = YES;
				CLANG_WARN_DEPRECATED_OBJC_IMPLEMENTATIONS = YES;
				CLANG_WARN_DIRECT_OBJC_ISA_USAGE = YES_ERROR;
				CLANG_WARN_DOCUMENTATION_COMMENTS = YES;
				CLANG_WARN_EMPTY_BODY = YES;
				CLANG_WARN_ENUM_CONVERSION = YES;
				CLANG_WARN_INFINITE_RECURSION = YES;
				CLANG_WARN_INT_CONVERSION = YES;
				CLANG_WARN_NON_LITERAL_NULL_CONVERSION = YES;
				CLANG_WARN_OBJC_IMPLICIT_RETAIN_SELF = YES;
				CLANG_WARN_OBJC_LITERAL_CONVERSION = YES;
				CLANG_WARN_OBJC_ROOT_CLASS = YES_ERROR;
				CLANG_WARN_QUOTED_INCLUDE_IN_FRAMEWORK_HEADER = YES;
				CLANG_WARN_RANGE_LOOP_ANALYSIS = YES;
				CLANG_WARN_STRICT_PROTOTYPES = YES;
				CLANG_WARN_SUSPICIOUS_MOVE = YES;
				CLANG_WARN_UNGUARDED_AVAILABILITY = YES_AGGRESSIVE;
				CLANG_WARN_UNREACHABLE_CODE = YES;
				CLANG_WARN__DUPLICATE_METHOD_MATCH = YES;
				COPY_PHASE_STRIP = NO;
				DEBUG_INFORMATION_FORMAT = dwarf;
				ENABLE_STRICT_OBJC_MSGSEND = YES;
				ENABLE_TESTABILITY = YES;
				ENABLE_USER_SCRIPT_SANDBOXING = YES;
				GCC_C_LANGUAGE_STANDARD = gnu17;
				GCC_DYNAMIC_NO_PIC = NO;
				GCC_NO_COMMON_BLOCKS = YES;
				GCC_OPTIMIZATION_LEVEL = 0;
				GCC_PREPROCESSOR_DEFINITIONS = (
					"DEBUG=1",
					"$(inherited)",
				);
				GCC_WARN_64_TO_32_BIT_CONVERSION = YES;
				GCC_WARN_ABOUT_RETURN_TYPE = YES_ERROR;
				GCC_WARN_UNDECLARED_SELECTOR = YES;
				GCC_WARN_UNINITIALIZED_AUTOS = YES_AGGRESSIVE;
				GCC_WARN_UNUSED_FUNCTION = YES;
				GCC_WARN_UNUSED_VARIABLE = YES;
				IPHONEOS_DEPLOYMENT_TARGET = 17.5;
				LOCALIZATION_PREFERS_STRING_CATALOGS = YES;
				MTL_ENABLE_DEBUG_INFO = INCLUDE_SOURCE;
				MTL_FAST_MATH = YES;
				ONLY_ACTIVE_ARCH = YES;
				SDKROOT = iphoneos;
				SWIFT_ACTIVE_COMPILATION_CONDITIONS = "DEBUG $(inherited)";
				SWIFT_OPTIMIZATION_LEVEL = "-Onone";
			};
			name = Debug;
		};
		DDFA8D832CBB2CEA0082DEFC /* Release */ = {
			isa = XCBuildConfiguration;
			buildSettings = {
				ALWAYS_SEARCH_USER_PATHS = NO;
				ASSETCATALOG_COMPILER_GENERATE_SWIFT_ASSET_SYMBOL_EXTENSIONS = YES;
				CLANG_ANALYZER_NONNULL = YES;
				CLANG_ANALYZER_NUMBER_OBJECT_CONVERSION = YES_AGGRESSIVE;
				CLANG_CXX_LANGUAGE_STANDARD = "gnu++20";
				CLANG_ENABLE_MODULES = YES;
				CLANG_ENABLE_OBJC_ARC = YES;
				CLANG_ENABLE_OBJC_WEAK = YES;
				CLANG_WARN_BLOCK_CAPTURE_AUTORELEASING = YES;
				CLANG_WARN_BOOL_CONVERSION = YES;
				CLANG_WARN_COMMA = YES;
				CLANG_WARN_CONSTANT_CONVERSION = YES;
				CLANG_WARN_DEPRECATED_OBJC_IMPLEMENTATIONS = YES;
				CLANG_WARN_DIRECT_OBJC_ISA_USAGE = YES_ERROR;
				CLANG_WARN_DOCUMENTATION_COMMENTS = YES;
				CLANG_WARN_EMPTY_BODY = YES;
				CLANG_WARN_ENUM_CONVERSION = YES;
				CLANG_WARN_INFINITE_RECURSION = YES;
				CLANG_WARN_INT_CONVERSION = YES;
				CLANG_WARN_NON_LITERAL_NULL_CONVERSION = YES;
				CLANG_WARN_OBJC_IMPLICIT_RETAIN_SELF = YES;
				CLANG_WARN_OBJC_LITERAL_CONVERSION = YES;
				CLANG_WARN_OBJC_ROOT_CLASS = YES_ERROR;
				CLANG_WARN_QUOTED_INCLUDE_IN_FRAMEWORK_HEADER = YES;
				CLANG_WARN_RANGE_LOOP_ANALYSIS = YES;
				CLANG_WARN_STRICT_PROTOTYPES = YES;
				CLANG_WARN_SUSPICIOUS_MOVE = YES;
				CLANG_WARN_UNGUARDED_AVAILABILITY = YES_AGGRESSIVE;
				CLANG_WARN_UNREACHABLE_CODE = YES;
				CLANG_WARN__DUPLICATE_METHOD_MATCH = YES;
				COPY_PHASE_STRIP = NO;
				DEBUG_INFORMATION_FORMAT = "dwarf-with-dsym";
				ENABLE_NS_ASSERTIONS = NO;
				ENABLE_STRICT_OBJC_MSGSEND = YES;
				ENABLE_USER_SCRIPT_SANDBOXING = YES;
				GCC_C_LANGUAGE_STANDARD = gnu17;
				GCC_NO_COMMON_BLOCKS = YES;
				GCC_WARN_64_TO_32_BIT_CONVERSION = YES;
				GCC_WARN_ABOUT_RETURN_TYPE = YES_ERROR;
				GCC_WARN_UNDECLARED_SELECTOR = YES;
				GCC_WARN_UNINITIALIZED_AUTOS = YES_AGGRESSIVE;
				GCC_WARN_UNUSED_FUNCTION = YES;
				GCC_WARN_UNUSED_VARIABLE = YES;
				IPHONEOS_DEPLOYMENT_TARGET = 17.5;
				LOCALIZATION_PREFERS_STRING_CATALOGS = YES;
				MTL_ENABLE_DEBUG_INFO = NO;
				MTL_FAST_MATH = YES;
				SDKROOT = iphoneos;
				SWIFT_COMPILATION_MODE = wholemodule;
				VALIDATE_PRODUCT = YES;
			};
			name = Release;
		};
		DDFA8D852CBB2CEA0082DEFC /* Debug */ = {
			isa = XCBuildConfiguration;
			buildSettings = {
				ASSETCATALOG_COMPILER_APPICON_NAME = AppIcon;
				ASSETCATALOG_COMPILER_GLOBAL_ACCENT_COLOR_NAME = AccentColor;
				CODE_SIGN_ENTITLEMENTS = Trade.ai/Trade.ai.entitlements;
				CODE_SIGN_STYLE = Automatic;
				CURRENT_PROJECT_VERSION = 1;
				DEVELOPMENT_ASSET_PATHS = "\"Trade.ai/Preview Content\"";
				DEVELOPMENT_TEAM = 75JRAR2YKZ;
				ENABLE_PREVIEWS = YES;
				GENERATE_INFOPLIST_FILE = YES;
				INFOPLIST_FILE = Trade.ai/Info.plist;
				INFOPLIST_KEY_CFBundleDisplayName = "";
				INFOPLIST_KEY_LSApplicationCategoryType = "public.app-category.finance";
				INFOPLIST_KEY_UIApplicationSceneManifest_Generation = YES;
				INFOPLIST_KEY_UIApplicationSupportsIndirectInputEvents = YES;
				INFOPLIST_KEY_UILaunchScreen_Generation = YES;
				INFOPLIST_KEY_UILaunchStoryboardName = LaunchScreen;
				INFOPLIST_KEY_UIRequiredDeviceCapabilities = armv7;
				INFOPLIST_KEY_UISupportedInterfaceOrientations = "UIInterfaceOrientationPortrait UIInterfaceOrientationLandscapeLeft UIInterfaceOrientationLandscapeRight";
				INFOPLIST_KEY_UISupportedInterfaceOrientations_iPad = "UIInterfaceOrientationPortrait UIInterfaceOrientationPortraitUpsideDown UIInterfaceOrientationLandscapeLeft UIInterfaceOrientationLandscapeRight";
				INFOPLIST_KEY_UISupportedInterfaceOrientations_iPhone = "UIInterfaceOrientationPortrait UIInterfaceOrientationLandscapeLeft UIInterfaceOrientationLandscapeRight";
				LD_RUNPATH_SEARCH_PATHS = (
					"$(inherited)",
					"@executable_path/Frameworks",
				);
				MARKETING_VERSION = 1.0;
				NEW_SETTING = "";
				PRODUCT_BUNDLE_IDENTIFIER = com.whaty.TradeAI;
				PRODUCT_NAME = "$(TARGET_NAME)";
				SWIFT_EMIT_LOC_STRINGS = YES;
				SWIFT_VERSION = 5.0;
				TARGETED_DEVICE_FAMILY = "1,2";
			};
			name = Debug;
		};
		DDFA8D862CBB2CEA0082DEFC /* Release */ = {
			isa = XCBuildConfiguration;
			buildSettings = {
				ASSETCATALOG_COMPILER_APPICON_NAME = AppIcon;
				ASSETCATALOG_COMPILER_GLOBAL_ACCENT_COLOR_NAME = AccentColor;
				CODE_SIGN_ENTITLEMENTS = Trade.ai/Trade.ai.entitlements;
				CODE_SIGN_STYLE = Automatic;
				CURRENT_PROJECT_VERSION = 1;
				DEVELOPMENT_ASSET_PATHS = "\"Trade.ai/Preview Content\"";
				DEVELOPMENT_TEAM = 75JRAR2YKZ;
				ENABLE_PREVIEWS = YES;
				GENERATE_INFOPLIST_FILE = YES;
				INFOPLIST_FILE = Trade.ai/Info.plist;
				INFOPLIST_KEY_CFBundleDisplayName = "";
				INFOPLIST_KEY_LSApplicationCategoryType = "public.app-category.finance";
				INFOPLIST_KEY_UIApplicationSceneManifest_Generation = YES;
				INFOPLIST_KEY_UIApplicationSupportsIndirectInputEvents = YES;
				INFOPLIST_KEY_UILaunchScreen_Generation = YES;
				INFOPLIST_KEY_UILaunchStoryboardName = LaunchScreen;
				INFOPLIST_KEY_UIRequiredDeviceCapabilities = armv7;
				INFOPLIST_KEY_UISupportedInterfaceOrientations = "UIInterfaceOrientationPortrait UIInterfaceOrientationLandscapeLeft UIInterfaceOrientationLandscapeRight";
				INFOPLIST_KEY_UISupportedInterfaceOrientations_iPad = "UIInterfaceOrientationPortrait UIInterfaceOrientationPortraitUpsideDown UIInterfaceOrientationLandscapeLeft UIInterfaceOrientationLandscapeRight";
				INFOPLIST_KEY_UISupportedInterfaceOrientations_iPhone = "UIInterfaceOrientationPortrait UIInterfaceOrientationLandscapeLeft UIInterfaceOrientationLandscapeRight";
				LD_RUNPATH_SEARCH_PATHS = (
					"$(inherited)",
					"@executable_path/Frameworks",
				);
				MARKETING_VERSION = 1.0;
				NEW_SETTING = "";
				PRODUCT_BUNDLE_IDENTIFIER = com.whaty.TradeAI;
				PRODUCT_NAME = "$(TARGET_NAME)";
				SWIFT_EMIT_LOC_STRINGS = YES;
				SWIFT_VERSION = 5.0;
				TARGETED_DEVICE_FAMILY = "1,2";
			};
			name = Release;
		};
		DDFA8D882CBB2CEA0082DEFC /* Debug */ = {
			isa = XCBuildConfiguration;
			buildSettings = {
				ALWAYS_EMBED_SWIFT_STANDARD_LIBRARIES = YES;
				BUNDLE_LOADER = "$(TEST_HOST)";
				CODE_SIGN_STYLE = Automatic;
				CURRENT_PROJECT_VERSION = 1;
				GENERATE_INFOPLIST_FILE = YES;
				IPHONEOS_DEPLOYMENT_TARGET = 17.5;
				MARKETING_VERSION = 1.0;
				PRODUCT_BUNDLE_IDENTIFIER = "fz.Trade-aiTests";
				PRODUCT_NAME = "$(TARGET_NAME)";
				SWIFT_EMIT_LOC_STRINGS = NO;
				SWIFT_VERSION = 5.0;
				TARGETED_DEVICE_FAMILY = "1,2";
				TEST_HOST = "$(BUILT_PRODUCTS_DIR)/Trade.ai.app/$(BUNDLE_EXECUTABLE_FOLDER_PATH)/Trade.ai";
			};
			name = Debug;
		};
		DDFA8D892CBB2CEA0082DEFC /* Release */ = {
			isa = XCBuildConfiguration;
			buildSettings = {
				ALWAYS_EMBED_SWIFT_STANDARD_LIBRARIES = YES;
				BUNDLE_LOADER = "$(TEST_HOST)";
				CODE_SIGN_STYLE = Automatic;
				CURRENT_PROJECT_VERSION = 1;
				GENERATE_INFOPLIST_FILE = YES;
				IPHONEOS_DEPLOYMENT_TARGET = 17.5;
				MARKETING_VERSION = 1.0;
				PRODUCT_BUNDLE_IDENTIFIER = "fz.Trade-aiTests";
				PRODUCT_NAME = "$(TARGET_NAME)";
				SWIFT_EMIT_LOC_STRINGS = NO;
				SWIFT_VERSION = 5.0;
				TARGETED_DEVICE_FAMILY = "1,2";
				TEST_HOST = "$(BUILT_PRODUCTS_DIR)/Trade.ai.app/$(BUNDLE_EXECUTABLE_FOLDER_PATH)/Trade.ai";
			};
			name = Release;
		};
		DDFA8D8B2CBB2CEA0082DEFC /* Debug */ = {
			isa = XCBuildConfiguration;
			buildSettings = {
				ALWAYS_EMBED_SWIFT_STANDARD_LIBRARIES = YES;
				CODE_SIGN_STYLE = Automatic;
				CURRENT_PROJECT_VERSION = 1;
				GENERATE_INFOPLIST_FILE = YES;
				MARKETING_VERSION = 1.0;
				PRODUCT_BUNDLE_IDENTIFIER = "fz.Trade-aiUITests";
				PRODUCT_NAME = "$(TARGET_NAME)";
				SWIFT_EMIT_LOC_STRINGS = NO;
				SWIFT_VERSION = 5.0;
				TARGETED_DEVICE_FAMILY = "1,2";
				TEST_TARGET_NAME = Trade.ai;
			};
			name = Debug;
		};
		DDFA8D8C2CBB2CEA0082DEFC /* Release */ = {
			isa = XCBuildConfiguration;
			buildSettings = {
				ALWAYS_EMBED_SWIFT_STANDARD_LIBRARIES = YES;
				CODE_SIGN_STYLE = Automatic;
				CURRENT_PROJECT_VERSION = 1;
				GENERATE_INFOPLIST_FILE = YES;
				MARKETING_VERSION = 1.0;
				PRODUCT_BUNDLE_IDENTIFIER = "fz.Trade-aiUITests";
				PRODUCT_NAME = "$(TARGET_NAME)";
				SWIFT_EMIT_LOC_STRINGS = NO;
				SWIFT_VERSION = 5.0;
				TARGETED_DEVICE_FAMILY = "1,2";
				TEST_TARGET_NAME = Trade.ai;
			};
			name = Release;
		};
/* End XCBuildConfiguration section */

/* Begin XCConfigurationList section */
		DDFA8D5B2CBB2CE90082DEFC /* Build configuration list for PBXProject "Trade.ai" */ = {
			isa = XCConfigurationList;
			buildConfigurations = (
				DDFA8D822CBB2CEA0082DEFC /* Debug */,
				DDFA8D832CBB2CEA0082DEFC /* Release */,
			);
			defaultConfigurationIsVisible = 0;
			defaultConfigurationName = Release;
		};
		DDFA8D842CBB2CEA0082DEFC /* Build configuration list for PBXNativeTarget "Trade.ai" */ = {
			isa = XCConfigurationList;
			buildConfigurations = (
				DDFA8D852CBB2CEA0082DEFC /* Debug */,
				DDFA8D862CBB2CEA0082DEFC /* Release */,
			);
			defaultConfigurationIsVisible = 0;
			defaultConfigurationName = Release;
		};
		DDFA8D872CBB2CEA0082DEFC /* Build configuration list for PBXNativeTarget "Trade.aiTests" */ = {
			isa = XCConfigurationList;
			buildConfigurations = (
				DDFA8D882CBB2CEA0082DEFC /* Debug */,
				DDFA8D892CBB2CEA0082DEFC /* Release */,
			);
			defaultConfigurationIsVisible = 0;
			defaultConfigurationName = Release;
		};
		DDFA8D8A2CBB2CEA0082DEFC /* Build configuration list for PBXNativeTarget "Trade.aiUITests" */ = {
			isa = XCConfigurationList;
			buildConfigurations = (
				DDFA8D8B2CBB2CEA0082DEFC /* Debug */,
				DDFA8D8C2CBB2CEA0082DEFC /* Release */,
			);
			defaultConfigurationIsVisible = 0;
			defaultConfigurationName = Release;
		};
/* End XCConfigurationList section */
	};
	rootObject = DDFA8D582CBB2CE90082DEFC /* Project object */;
}
